
Microsoft Visual Studio Solution File, Format Version 12.00
# Visual Studio 15
VisualStudioVersion = 15.0.28010.2046
MinimumVisualStudioVersion = 10.0.40219.1
Project("{930C7802-8A8C-48F9-8165-68863BCCD9DD}") = "AutopilotBranding", "AutopilotBranding\AutopilotBranding.wixproj", "{57E8C54B-9E8A-4981-8049-AA84FBC97910}"
EndProject
Global
	GlobalSection(SolutionConfigurationPlatforms) = preSolution
		Debug|x86 = Debug|x86
		Release|x86 = Release|x86
	EndGlobalSection
	GlobalSection(ProjectConfigurationPlatforms) = postSolution
		{57E8C54B-9E8A-4981-8049-AA84FBC97910}.Debug|x86.ActiveCfg = Debug|x86
		{57E8C54B-9E8A-4981-8049-AA84FBC97910}.Debug|x86.Build.0 = Debug|x86
		{57E8C54B-9E8A-4981-8049-AA84FBC97910}.Release|x86.ActiveCfg = Release|x86
		{57E8C54B-9E8A-4981-8049-AA84FBC97910}.Release|x86.Build.0 = Release|x86
	EndGlobalSection
	GlobalSection(SolutionProperties) = preSolution
		HideSolutionNode = FALSE
	EndGlobalSection
	GlobalSection(ExtensibilityGlobals) = postSolution
		SolutionGuid = {78D53E97-9D03-4D86-803A-452F195CFD1E}
	EndGlobalSection
EndGlobal
